PODS:
  - PurchasesHybridCommon (13.13.1):
    - RevenueCat (= 5.14.0)
  - RevenueCat (5.14.0)
  - shared (1.2.2):
    - PurchasesHybridCommon (= 13.13.1)

DEPENDENCIES:
  - shared (from `../shared`)

SPEC REPOS:
  trunk:
    - PurchasesHybridCommon
    - RevenueCat

EXTERNAL SOURCES:
  shared:
    :path: "../shared"

SPEC CHECKSUMS:
  PurchasesHybridCommon: 9a543fc41928085f7c7b702d36d07ffc2cfa48f7
  RevenueCat: 34f4147c8d26d2f3c691be4e3c9f033698e557f2
  shared: 442d4f20ae56227e9525dca9984672656a566d8b

PODFILE CHECKSUM: 27afbeef32af406f9c861714c7b30805caeaee2f

COCOAPODS: 1.16.2
